// !$*UTF8*$!
{
	archiveVersion = 1;
	classes = {
	};
	objectVersion = 50;
	objects = {

/* Begin PBXBuildFile section */
		BCEF916824063A6B00506F2E /* AppDelegate.swift in Sources */ = {isa = PBXBuildFile; fileRef = BCEF916724063A6B00506F2E /* AppDelegate.swift */; };
		BCEF916A24063A6B00506F2E /* SceneDelegate.swift in Sources */ = {isa = PBXBuildFile; fileRef = BCEF916924063A6B00506F2E /* SceneDelegate.swift */; };
		BCEF916C24063A6B00506F2E /* ContentView.swift in Sources */ = {isa = PBXBuildFile; fileRef = BCEF916B24063A6B00506F2E /* ContentView.swift */; };
		BCEF916E24063A6D00506F2E /* Assets.xcassets in Resources */ = {isa = PBXBuildFile; fileRef = BCEF916D24063A6D00506F2E /* Assets.xcassets */; };
		BCEF917124063A6D00506F2E /* Preview Assets.xcassets in Resources */ = {isa = PBXBuildFile; fileRef = BCEF917024063A6D00506F2E /* Preview Assets.xcassets */; };
		BCEF917424063A6D00506F2E /* LaunchScreen.storyboard in Resources */ = {isa = PBXBuildFile; fileRef = BCEF917224063A6D00506F2E /* LaunchScreen.storyboard */; };
/* End PBXBuildFile section */

/* Begin PBXFileReference section */
		BCEF916424063A6B00506F2E /* TextFeildPlaceHolderText.app */ = {isa = PBXFileReference; explicitFileType = wrapper.application; includeInIndex = 0; path = TextFeildPlaceHolderText.app; sourceTree = BUILT_PRODUCTS_DIR; };
		BCEF916724063A6B00506F2E /* AppDelegate.swift */ = {isa = PBXFileReference; lastKnownFileType = sourcecode.swift; path = AppDelegate.swift; sourceTree = "<group>"; };
		BCEF916924063A6B00506F2E /* SceneDelegate.swift */ = {isa = PBXFileReference; lastKnownFileType = sourcecode.swift; path = SceneDelegate.swift; sourceTree = "<group>"; };
		BCEF916B24063A6B00506F2E /* ContentView.swift */ = {isa = PBXFileReference; lastKnownFileType = sourcecode.swift; path = ContentView.swift; sourceTree = "<group>"; };
		BCEF916D24063A6D00506F2E /* Assets.xcassets */ = {isa = PBXFileReference; lastKnownFileType = folder.assetcatalog; path = Assets.xcassets; sourceTree = "<group>"; };
		BCEF917024063A6D00506F2E /* Preview Assets.xcassets */ = {isa = PBXFileReference; lastKnownFileType = folder.assetcatalog; path = "Preview Assets.xcassets"; sourceTree = "<group>"; };
		BCEF917324063A6D00506F2E /* Base */ = {isa = PBXFileReference; lastKnownFileType = file.storyboard; name = Base; path = Base.lproj/LaunchScreen.storyboard; sourceTree = "<group>"; };
		BCEF917524063A6D00506F2E /* Info.plist */ = {isa = PBXFileReference; lastKnownFileType = text.plist.xml; path = Info.plist; sourceTree = "<group>"; };
/* End PBXFileReference section */

/* Begin PBXFrameworksBuildPhase section */
		BCEF916124063A6B00506F2E /* Frameworks */ = {
			isa = PBXFrameworksBuildPhase;
			buildActionMask = 2147483647;
			files = (
			);
			runOnlyForDeploymentPostprocessing = 0;
		};
/* End PBXFrameworksBuildPhase section */

/* Begin PBXGroup section */
		BCEF915B24063A6B00506F2E = {
			isa = PBXGroup;
			children = (
				BCEF916624063A6B00506F2E /* TextFeildPlaceHolderText */,
				BCEF916524063A6B00506F2E /* Products */,
			);
			sourceTree = "<group>";
		};
		BCEF916524063A6B00506F2E /* Products */ = {
			isa = PBXGroup;
			children = (
				BCEF916424063A6B00506F2E /* TextFeildPlaceHolderText.app */,
			);
			name = Products;
			sourceTree = "<group>";
		};
		BCEF916624063A6B00506F2E /* TextFeildPlaceHolderText */ = {
			isa = PBXGroup;
			children = (
				BCEF916724063A6B00506F2E /* AppDelegate.swift */,
				BCEF916924063A6B00506F2E /* SceneDelegate.swift */,
				BCEF916B24063A6B00506F2E /* ContentView.swift */,
				BCEF916D24063A6D00506F2E /* Assets.xcassets */,
				BCEF917224063A6D00506F2E /* LaunchScreen.storyboard */,
				BCEF917524063A6D00506F2E /* Info.plist */,
				BCEF916F24063A6D00506F2E /* Preview Content */,
			);
			path = TextFeildPlaceHolderText;
			sourceTree = "<group>";
		};
		BCEF916F24063A6D00506F2E /* Preview Content */ = {
			isa = PBXGroup;
			children = (
				BCEF917024063A6D00506F2E /* Preview Assets.xcassets */,
			);
			path = "Preview Content";
			sourceTree = "<group>";
		};
/* End PBXGroup section */

/* Begin PBXNativeTarget section */
		BCEF916324063A6B00506F2E /* TextFeildPlaceHolderText */ = {
			isa = PBXNativeTarget;
			buildConfigurationList = BCEF917824063A6D00506F2E /* Build configuration list for PBXNativeTarget "TextFeildPlaceHolderText" */;
			buildPhases = (
				BCEF916024063A6B00506F2E /* Sources */,
				BCEF916124063A6B00506F2E /* Frameworks */,
				BCEF916224063A6B00506F2E /* Resources */,
			);
			buildRules = (
			);
			dependencies = (
			);
			name = TextFeildPlaceHolderText;
			productName = TextFeildPlaceHolderText;
			productReference = BCEF916424063A6B00506F2E /* TextFeildPlaceHolderText.app */;
			productType = "com.apple.product-type.application";
		};
/* End PBXNativeTarget section */

/* Begin PBXProject section */
		BCEF915C24063A6B00506F2E /* Project object */ = {
			isa = PBXProject;
			attributes = {
				LastSwiftUpdateCheck = 1130;
				LastUpgradeCheck = 1130;
				ORGANIZATIONNAME = "Vadiraj Hippargi";
				TargetAttributes = {
					BCEF916324063A6B00506F2E = {
						CreatedOnToolsVersion = 11.3.1;
					};
				};
			};
			buildConfigurationList = BCEF915F24063A6B00506F2E /* Build configuration list for PBXProject "TextFeildPlaceHolderText" */;
			compatibilityVersion = "Xcode 9.3";
			developmentRegion = en;
			hasScannedForEncodings = 0;
			knownRegions = (
				en,
				Base,
			);
			mainGroup = BCEF915B24063A6B00506F2E;
			productRefGroup = BCEF916524063A6B00506F2E /* Products */;
			projectDirPath = "";
			projectRoot = "";
			targets = (
				BCEF916324063A6B00506F2E /* TextFeildPlaceHolderText */,
			);
		};
/* End PBXProject section */

/* Begin PBXResourcesBuildPhase section */
		BCEF916224063A6B00506F2E /* Resources */ = {
			isa = PBXResourcesBuildPhase;
			buildActionMask = 2147483647;
			files = (
				BCEF917424063A6D00506F2E /* LaunchScreen.storyboard in Resources */,
				BCEF917124063A6D00506F2E /* Preview Assets.xcassets in Resources */,
				BCEF916E24063A6D00506F2E /* Assets.xcassets in Resources */,
			);
			runOnlyForDeploymentPostprocessing = 0;
		};
/* End PBXResourcesBuildPhase section */

/* Begin PBXSourcesBuildPhase section */
		BCEF916024063A6B00506F2E /* Sources */ = {
			isa = PBXSourcesBuildPhase;
			buildActionMask = 2147483647;
			files = (
				BCEF916824063A6B00506F2E /* AppDelegate.swift in Sources */,
				BCEF916A24063A6B00506F2E /* SceneDelegate.swift in Sources */,
				BCEF916C24063A6B00506F2E /* ContentView.swift in Sources */,
			);
			runOnlyForDeploymentPostprocessing = 0;
		};
/* End PBXSourcesBuildPhase section */

/* Begin PBXVariantGroup section */
		BCEF917224063A6D00506F2E /* LaunchScreen.storyboard */ = {
			isa = PBXVariantGroup;
			children = (
				BCEF917324063A6D00506F2E /* Base */,
			);
			name = LaunchScreen.storyboard;
			sourceTree = "<group>";
		};
/* End PBXVariantGroup section */

/* Begin XCBuildConfiguration section */
		BCEF917624063A6D00506F2E /* Debug */ = {
			isa = XCBuildConfiguration;
			buildSettings = {
				ALWAYS_SEARCH_USER_PATHS = NO;
				CLANG_ANALYZER_NONNULL = YES;
				CLANG_ANALYZER_NUMBER_OBJECT_CONVERSION = YES_AGGRESSIVE;
				CLANG_CXX_LANGUAGE_STANDARD = "gnu++14";
				CLANG_CXX_LIBRARY = "libc++";
				CLANG_ENABLE_MODULES = YES;
				CLANG_ENABLE_OBJC_ARC = YES;
				CLANG_ENABLE_OBJC_WEAK = YES;
				CLANG_WARN_BLOCK_CAPTURE_AUTORELEASING = YES;
				CLANG_WARN_BOOL_CONVERSION = YES;
				CLANG_WARN_COMMA = YES;
				CLANG_WARN_CONSTANT_CONVERSION = YES;
				CLANG_WARN_DEPRECATED_OBJC_IMPLEMENTATIONS = YES;
				CLANG_WARN_DIRECT_OBJC_ISA_USAGE = YES_ERROR;
				CLANG_WARN_DOCUMENTATION_COMMENTS = YES;
				CLANG_WARN_EMPTY_BODY = YES;
				CLANG_WARN_ENUM_CONVERSION = YES;
				CLANG_WARN_INFINITE_RECURSION = YES;
				CLANG_WARN_INT_CONVERSION = YES;
				CLANG_WARN_NON_LITERAL_NULL_CONVERSION = YES;
				CLANG_WARN_OBJC_IMPLICIT_RETAIN_SELF = YES;
				CLANG_WARN_OBJC_LITERAL_CONVERSION = YES;
				CLANG_WARN_OBJC_ROOT_CLASS = YES_ERROR;
				CLANG_WARN_RANGE_LOOP_ANALYSIS = YES;
				CLANG_WARN_STRICT_PROTOTYPES = YES;
				CLANG_WARN_SUSPICIOUS_MOVE = YES;
				CLANG_WARN_UNGUARDED_AVAILABILITY = YES_AGGRESSIVE;
				CLANG_WARN_UNREACHABLE_CODE = YES;
				CLANG_WARN__DUPLICATE_METHOD_MATCH = YES;
				COPY_PHASE_STRIP = NO;
				DEBUG_INFORMATION_FORMAT = dwarf;
				ENABLE_STRICT_OBJC_MSGSEND = YES;
				ENABLE_TESTABILITY = YES;
				GCC_C_LANGUAGE_STANDARD = gnu11;
				GCC_DYNAMIC_NO_PIC = NO;
				GCC_NO_COMMON_BLOCKS = YES;
				GCC_OPTIMIZATION_LEVEL = 0;
				GCC_PREPROCESSOR_DEFINITIONS = (
					"DEBUG=1",
					"$(inherited)",
				);
				GCC_WARN_64_TO_32_BIT_CONVERSION = YES;
				GCC_WARN_ABOUT_RETURN_TYPE = YES_ERROR;
				GCC_WARN_UNDECLARED_SELECTOR = YES;
				GCC_WARN_UNINITIALIZED_AUTOS = YES_AGGRESSIVE;
				GCC_WARN_UNUSED_FUNCTION = YES;
				GCC_WARN_UNUSED_VARIABLE = YES;
				IPHONEOS_DEPLOYMENT_TARGET = 13.2;
				MTL_ENABLE_DEBUG_INFO = INCLUDE_SOURCE;
				MTL_FAST_MATH = YES;
				ONLY_ACTIVE_ARCH = YES;
				SDKROOT = iphoneos;
				SWIFT_ACTIVE_COMPILATION_CONDITIONS = DEBUG;
				SWIFT_OPTIMIZATION_LEVEL = "-Onone";
			};
			name = Debug;
		};
		BCEF917724063A6D00506F2E /* Release */ = {
			isa = XCBuildConfiguration;
			buildSettings = {
				ALWAYS_SEARCH_USER_PATHS = NO;
				CLANG_ANALYZER_NONNULL = YES;
				CLANG_ANALYZER_NUMBER_OBJECT_CONVERSION = YES_AGGRESSIVE;
				CLANG_CXX_LANGUAGE_STANDARD = "gnu++14";
				CLANG_CXX_LIBRARY = "libc++";
				CLANG_ENABLE_MODULES = YES;
				CLANG_ENABLE_OBJC_ARC = YES;
				CLANG_ENABLE_OBJC_WEAK = YES;
				CLANG_WARN_BLOCK_CAPTURE_AUTORELEASING = YES;
				CLANG_WARN_BOOL_CONVERSION = YES;
				CLANG_WARN_COMMA = YES;
				CLANG_WARN_CONSTANT_CONVERSION = YES;
				CLANG_WARN_DEPRECATED_OBJC_IMPLEMENTATIONS = YES;
				CLANG_WARN_DIRECT_OBJC_ISA_USAGE = YES_ERROR;
				CLANG_WARN_DOCUMENTATION_COMMENTS = YES;
				CLANG_WARN_EMPTY_BODY = YES;
				CLANG_WARN_ENUM_CONVERSION = YES;
				CLANG_WARN_INFINITE_RECURSION = YES;
				CLANG_WARN_INT_CONVERSION = YES;
				CLANG_WARN_NON_LITERAL_NULL_CONVERSION = YES;
				CLANG_WARN_OBJC_IMPLICIT_RETAIN_SELF = YES;
				CLANG_WARN_OBJC_LITERAL_CONVERSION = YES;
				CLANG_WARN_OBJC_ROOT_CLASS = YES_ERROR;
				CLANG_WARN_RANGE_LOOP_ANALYSIS = YES;
				CLANG_WARN_STRICT_PROTOTYPES = YES;
				CLANG_WARN_SUSPICIOUS_MOVE = YES;
				CLANG_WARN_UNGUARDED_AVAILABILITY = YES_AGGRESSIVE;
				CLANG_WARN_UNREACHABLE_CODE = YES;
				CLANG_WARN__DUPLICATE_METHOD_MATCH = YES;
				COPY_PHASE_STRIP = NO;
				DEBUG_INFORMATION_FORMAT = "dwarf-with-dsym";
				ENABLE_NS_ASSERTIONS = NO;
				ENABLE_STRICT_OBJC_MSGSEND = YES;
				GCC_C_LANGUAGE_STANDARD = gnu11;
				GCC_NO_COMMON_BLOCKS = YES;
				GCC_WARN_64_TO_32_BIT_CONVERSION = YES;
				GCC_WARN_ABOUT_RETURN_TYPE = YES_ERROR;
				GCC_WARN_UNDECLARED_SELECTOR = YES;
				GCC_WARN_UNINITIALIZED_AUTOS = YES_AGGRESSIVE;
				GCC_WARN_UNUSED_FUNCTION = YES;
				GCC_WARN_UNUSED_VARIABLE = YES;
				IPHONEOS_DEPLOYMENT_TARGET = 13.2;
				MTL_ENABLE_DEBUG_INFO = NO;
				MTL_FAST_MATH = YES;
				SDKROOT = iphoneos;
				SWIFT_COMPILATION_MODE = wholemodule;
				SWIFT_OPTIMIZATION_LEVEL = "-O";
				VALIDATE_PRODUCT = YES;
			};
			name = Release;
		};
		BCEF917924063A6D00506F2E /* Debug */ = {
			isa = XCBuildConfiguration;
			buildSettings = {
				ASSETCATALOG_COMPILER_APPICON_NAME = AppIcon;
				CODE_SIGN_STYLE = Automatic;
				DEVELOPMENT_ASSET_PATHS = "\"TextFeildPlaceHolderText/Preview Content\"";
				ENABLE_PREVIEWS = YES;
				INFOPLIST_FILE = TextFeildPlaceHolderText/Info.plist;
				LD_RUNPATH_SEARCH_PATHS = (
					"$(inherited)",
					"@executable_path/Frameworks",
				);
				PRODUCT_BUNDLE_IDENTIFIER = "Leadconsultant-LLC.TextFeildPlaceHolderText";
				PRODUCT_NAME = "$(TARGET_NAME)";
				SWIFT_VERSION = 5.0;
				TARGETED_DEVICE_FAMILY = "1,2";
			};
			name = Debug;
		};
		BCEF917A24063A6D00506F2E /* Release */ = {
			isa = XCBuildConfiguration;
			buildSettings = {
				ASSETCATALOG_COMPILER_APPICON_NAME = AppIcon;
				CODE_SIGN_STYLE = Automatic;
				DEVELOPMENT_ASSET_PATHS = "\"TextFeildPlaceHolderText/Preview Content\"";
				ENABLE_PREVIEWS = YES;
				INFOPLIST_FILE = TextFeildPlaceHolderText/Info.plist;
				LD_RUNPATH_SEARCH_PATHS = (
					"$(inherited)",
					"@executable_path/Frameworks",
				);
				PRODUCT_BUNDLE_IDENTIFIER = "Leadconsultant-LLC.TextFeildPlaceHolderText";
				PRODUCT_NAME = "$(TARGET_NAME)";
				SWIFT_VERSION = 5.0;
				TARGETED_DEVICE_FAMILY = "1,2";
			};
			name = Release;
		};
/* End XCBuildConfiguration section */

/* Begin XCConfigurationList section */
		BCEF915F24063A6B00506F2E /* Build configuration list for PBXProject "TextFeildPlaceHolderText" */ = {
			isa = XCConfigurationList;
			buildConfigurations = (
				BCEF917624063A6D00506F2E /* Debug */,
				BCEF917724063A6D00506F2E /* Release */,
			);
			defaultConfigurationIsVisible = 0;
			defaultConfigurationName = Release;
		};
		BCEF917824063A6D00506F2E /* Build configuration list for PBXNativeTarget "TextFeildPlaceHolderText" */ = {
			isa = XCConfigurationList;
			buildConfigurations = (
				BCEF917924063A6D00506F2E /* Debug */,
				BCEF917A24063A6D00506F2E /* Release */,
			);
			defaultConfigurationIsVisible = 0;
			defaultConfigurationName = Release;
		};
/* End XCConfigurationList section */
	};
	rootObject = BCEF915C24063A6B00506F2E /* Project object */;
}
